
Microsoft Visual Studio Solution File, Format Version 12.00
# Visual Studio 15
VisualStudioVersion = 15.0.28010.2050
MinimumVisualStudioVersion = 10.0.40219.1
Project("{FAE04EC0-301F-11D3-BF4B-00C04F79EFBC}") = "Database2Administrator", "Database2Administrator\Database2Administrator.csproj", "{AB71E22B-4D3B-4B2B-91A4-3D4B5B6C1494}"
EndProject
Project("{FAE04EC0-301F-11D3-BF4B-00C04F79EFBC}") = "Database2AdministratorWpf", "Database2AdministratorWpf\Database2AdministratorWpf.csproj", "{EC79A4A7-85C4-4356-A744-725D9EC76A16}"
EndProject
Global
	GlobalSection(SolutionConfigurationPlatforms) = preSolution
		Debug|Any CPU = Debug|Any CPU
		Release|Any CPU = Release|Any CPU
	EndGlobalSection
	GlobalSection(ProjectConfigurationPlatforms) = postSolution
		{AB71E22B-4D3B-4B2B-91A4-3D4B5B6C1494}.Debug|Any CPU.ActiveCfg = Debug|Any CPU
		{AB71E22B-4D3B-4B2B-91A4-3D4B5B6C1494}.Debug|Any CPU.Build.0 = Debug|Any CPU
		{AB71E22B-4D3B-4B2B-91A4-3D4B5B6C1494}.Release|Any CPU.ActiveCfg = Release|Any CPU
		{AB71E22B-4D3B-4B2B-91A4-3D4B5B6C1494}.Release|Any CPU.Build.0 = Release|Any CPU
		{EC79A4A7-85C4-4356-A744-725D9EC76A16}.Debug|Any CPU.ActiveCfg = Debug|Any CPU
		{EC79A4A7-85C4-4356-A744-725D9EC76A16}.Debug|Any CPU.Build.0 = Debug|Any CPU
		{EC79A4A7-85C4-4356-A744-725D9EC76A16}.Release|Any CPU.ActiveCfg = Release|Any CPU
		{EC79A4A7-85C4-4356-A744-725D9EC76A16}.Release|Any CPU.Build.0 = Release|Any CPU
	EndGlobalSection
	GlobalSection(SolutionProperties) = preSolution
		HideSolutionNode = FALSE
	EndGlobalSection
	GlobalSection(ExtensibilityGlobals) = postSolution
		SolutionGuid = {85AA01B7-3588-4CEC-A422-7E646B499691}
	EndGlobalSection
EndGlobal
